
Microsoft Visual Studio Solution File, Format Version 12.00
# Visual Studio Version 17
VisualStudioVersion = 17.8.34330.188
MinimumVisualStudioVersion = 10.0.40219.1
Project("{FAE04EC0-301F-11D3-BF4B-00C04F79EFBC}") = "MagazinOnline", "MagazinOnline.csproj", "{BBE643F8-3CED-4B14-8BFA-02AEADB6481C}"
EndProject
Global
	GlobalSection(SolutionConfigurationPlatforms) = preSolution
		Debug|Any CPU = Debug|Any CPU
		Release|Any CPU = Release|Any CPU
	EndGlobalSection
	GlobalSection(ProjectConfigurationPlatforms) = postSolution
		{BBE643F8-3CED-4B14-8BFA-02AEADB6481C}.Debug|Any CPU.ActiveCfg = Debug|Any CPU
		{BBE643F8-3CED-4B14-8BFA-02AEADB6481C}.Debug|Any CPU.Build.0 = Debug|Any CPU
		{BBE643F8-3CED-4B14-8BFA-02AEADB6481C}.Release|Any CPU.ActiveCfg = Release|Any CPU
		{BBE643F8-3CED-4B14-8BFA-02AEADB6481C}.Release|Any CPU.Build.0 = Release|Any CPU
	EndGlobalSection
	GlobalSection(SolutionProperties) = preSolution
		HideSolutionNode = FALSE
	EndGlobalSection
	GlobalSection(ExtensibilityGlobals) = postSolution
		SolutionGuid = {AD171C09-8C49-419A-B9FE-BC70A55113B3}
	EndGlobalSection
EndGlobal
